// !$*UTF8*$!
{
	archiveVersion = 1;
	classes = {
	};
	objectVersion = 56;
	objects = {

/* Begin PBXBuildFile section */
		645453E12BA3FB41005541BB /* BinanceWebSocket.swift in Sources */ = {isa = PBXBuildFile; fileRef = 645453E02BA3FB41005541BB /* BinanceWebSocket.swift */; };
		DD5417552B9F09930005F9BA /* cryptobarApp.swift in Sources */ = {isa = PBXBuildFile; fileRef = DD5417542B9F09930005F9BA /* cryptobarApp.swift */; };
		DD5417572B9F09930005F9BA /* ContentView.swift in Sources */ = {isa = PBXBuildFile; fileRef = DD5417562B9F09930005F9BA /* ContentView.swift */; };
		DD5417592B9F09950005F9BA /* Assets.xcassets in Resources */ = {isa = PBXBuildFile; fileRef = DD5417582B9F09950005F9BA /* Assets.xcassets */; };
		DD54175C2B9F09950005F9BA /* Preview Assets.xcassets in Resources */ = {isa = PBXBuildFile; fileRef = DD54175B2B9F09950005F9BA /* Preview Assets.xcassets */; };
		DD5417672B9F09960005F9BA /* cryptobarTests.swift in Sources */ = {isa = PBXBuildFile; fileRef = DD5417662B9F09960005F9BA /* cryptobarTests.swift */; };
		DD5417712B9F09960005F9BA /* cryptobarUITests.swift in Sources */ = {isa = PBXBuildFile; fileRef = DD5417702B9F09960005F9BA /* cryptobarUITests.swift */; };
		DD5417732B9F09960005F9BA /* cryptobarUITestsLaunchTests.swift in Sources */ = {isa = PBXBuildFile; fileRef = DD5417722B9F09960005F9BA /* cryptobarUITestsLaunchTests.swift */; };
		DD5417802B9F25D00005F9BA /* AppDelegate.swift in Sources */ = {isa = PBXBuildFile; fileRef = DD54177F2B9F25D00005F9BA /* AppDelegate.swift */; };
/* End PBXBuildFile section */

/* Begin PBXContainerItemProxy section */
		DD5417632B9F09960005F9BA /* PBXContainerItemProxy */ = {
			isa = PBXContainerItemProxy;
			containerPortal = DD5417492B9F09930005F9BA /* Project object */;
			proxyType = 1;
			remoteGlobalIDString = DD5417502B9F09930005F9BA;
			remoteInfo = cryptobar;
		};
		DD54176D2B9F09960005F9BA /* PBXContainerItemProxy */ = {
			isa = PBXContainerItemProxy;
			containerPortal = DD5417492B9F09930005F9BA /* Project object */;
			proxyType = 1;
			remoteGlobalIDString = DD5417502B9F09930005F9BA;
			remoteInfo = cryptobar;
		};
/* End PBXContainerItemProxy section */

/* Begin PBXFileReference section */
		645453E02BA3FB41005541BB /* BinanceWebSocket.swift */ = {isa = PBXFileReference; lastKnownFileType = sourcecode.swift; path = BinanceWebSocket.swift; sourceTree = "<group>"; };
		DD5417512B9F09930005F9BA /* CryptoBar.app */ = {isa = PBXFileReference; explicitFileType = wrapper.application; includeInIndex = 0; path = CryptoBar.app; sourceTree = BUILT_PRODUCTS_DIR; };
		DD5417542B9F09930005F9BA /* cryptobarApp.swift */ = {isa = PBXFileReference; lastKnownFileType = sourcecode.swift; path = cryptobarApp.swift; sourceTree = "<group>"; };
		DD5417562B9F09930005F9BA /* ContentView.swift */ = {isa = PBXFileReference; lastKnownFileType = sourcecode.swift; path = ContentView.swift; sourceTree = "<group>"; };
		DD5417582B9F09950005F9BA /* Assets.xcassets */ = {isa = PBXFileReference; lastKnownFileType = folder.assetcatalog; path = Assets.xcassets; sourceTree = "<group>"; };
		DD54175B2B9F09950005F9BA /* Preview Assets.xcassets */ = {isa = PBXFileReference; lastKnownFileType = folder.assetcatalog; path = "Preview Assets.xcassets"; sourceTree = "<group>"; };
		DD54175D2B9F09950005F9BA /* cryptobar.entitlements */ = {isa = PBXFileReference; lastKnownFileType = text.plist.entitlements; path = cryptobar.entitlements; sourceTree = "<group>"; };
		DD5417622B9F09960005F9BA /* cryptobarTests.xctest */ = {isa = PBXFileReference; explicitFileType = wrapper.cfbundle; includeInIndex = 0; path = cryptobarTests.xctest; sourceTree = BUILT_PRODUCTS_DIR; };
		DD5417662B9F09960005F9BA /* cryptobarTests.swift */ = {isa = PBXFileReference; lastKnownFileType = sourcecode.swift; path = cryptobarTests.swift; sourceTree = "<group>"; };
		DD54176C2B9F09960005F9BA /* cryptobarUITests.xctest */ = {isa = PBXFileReference; explicitFileType = wrapper.cfbundle; includeInIndex = 0; path = cryptobarUITests.xctest; sourceTree = BUILT_PRODUCTS_DIR; };
		DD5417702B9F09960005F9BA /* cryptobarUITests.swift */ = {isa = PBXFileReference; lastKnownFileType = sourcecode.swift; path = cryptobarUITests.swift; sourceTree = "<group>"; };
		DD5417722B9F09960005F9BA /* cryptobarUITestsLaunchTests.swift */ = {isa = PBXFileReference; lastKnownFileType = sourcecode.swift; path = cryptobarUITestsLaunchTests.swift; sourceTree = "<group>"; };
		DD54177F2B9F25D00005F9BA /* AppDelegate.swift */ = {isa = PBXFileReference; lastKnownFileType = sourcecode.swift; path = AppDelegate.swift; sourceTree = "<group>"; };
/* End PBXFileReference section */

/* Begin PBXFrameworksBuildPhase section */
		DD54174E2B9F09930005F9BA /* Frameworks */ = {
			isa = PBXFrameworksBuildPhase;
			buildActionMask = 2147483647;
			files = (
			);
			runOnlyForDeploymentPostprocessing = 0;
		};
		DD54175F2B9F09960005F9BA /* Frameworks */ = {
			isa = PBXFrameworksBuildPhase;
			buildActionMask = 2147483647;
			files = (
			);
			runOnlyForDeploymentPostprocessing = 0;
		};
		DD5417692B9F09960005F9BA /* Frameworks */ = {
			isa = PBXFrameworksBuildPhase;
			buildActionMask = 2147483647;
			files = (
			);
			runOnlyForDeploymentPostprocessing = 0;
		};
/* End PBXFrameworksBuildPhase section */

/* Begin PBXGroup section */
		DD5417482B9F09930005F9BA = {
			isa = PBXGroup;
			children = (
				DD5417532B9F09930005F9BA /* cryptobar */,
				DD5417652B9F09960005F9BA /* cryptobarTests */,
				DD54176F2B9F09960005F9BA /* cryptobarUITests */,
				DD5417522B9F09930005F9BA /* Products */,
			);
			sourceTree = "<group>";
		};
		DD5417522B9F09930005F9BA /* Products */ = {
			isa = PBXGroup;
			children = (
				DD5417512B9F09930005F9BA /* CryptoBar.app */,
				DD5417622B9F09960005F9BA /* cryptobarTests.xctest */,
				DD54176C2B9F09960005F9BA /* cryptobarUITests.xctest */,
			);
			name = Products;
			sourceTree = "<group>";
		};
		DD5417532B9F09930005F9BA /* cryptobar */ = {
			isa = PBXGroup;
			children = (
				DD5417542B9F09930005F9BA /* cryptobarApp.swift */,
				DD5417562B9F09930005F9BA /* ContentView.swift */,
				DD5417582B9F09950005F9BA /* Assets.xcassets */,
				DD54175D2B9F09950005F9BA /* cryptobar.entitlements */,
				DD54175A2B9F09950005F9BA /* Preview Content */,
				DD54177F2B9F25D00005F9BA /* AppDelegate.swift */,
				645453E02BA3FB41005541BB /* BinanceWebSocket.swift */,
			);
			path = cryptobar;
			sourceTree = "<group>";
		};
		DD54175A2B9F09950005F9BA /* Preview Content */ = {
			isa = PBXGroup;
			children = (
				DD54175B2B9F09950005F9BA /* Preview Assets.xcassets */,
			);
			path = "Preview Content";
			sourceTree = "<group>";
		};
		DD5417652B9F09960005F9BA /* cryptobarTests */ = {
			isa = PBXGroup;
			children = (
				DD5417662B9F09960005F9BA /* cryptobarTests.swift */,
			);
			path = cryptobarTests;
			sourceTree = "<group>";
		};
		DD54176F2B9F09960005F9BA /* cryptobarUITests */ = {
			isa = PBXGroup;
			children = (
				DD5417702B9F09960005F9BA /* cryptobarUITests.swift */,
				DD5417722B9F09960005F9BA /* cryptobarUITestsLaunchTests.swift */,
			);
			path = cryptobarUITests;
			sourceTree = "<group>";
		};
/* End PBXGroup section */

/* Begin PBXNativeTarget section */
		DD5417502B9F09930005F9BA /* cryptobar */ = {
			isa = PBXNativeTarget;
			buildConfigurationList = DD5417762B9F09960005F9BA /* Build configuration list for PBXNativeTarget "cryptobar" */;
			buildPhases = (
				DD54174D2B9F09930005F9BA /* Sources */,
				DD54174E2B9F09930005F9BA /* Frameworks */,
				DD54174F2B9F09930005F9BA /* Resources */,
			);
			buildRules = (
			);
			dependencies = (
			);
			name = cryptobar;
			productName = cryptobar;
			productReference = DD5417512B9F09930005F9BA /* CryptoBar.app */;
			productType = "com.apple.product-type.application";
		};
		DD5417612B9F09960005F9BA /* cryptobarTests */ = {
			isa = PBXNativeTarget;
			buildConfigurationList = DD5417792B9F09960005F9BA /* Build configuration list for PBXNativeTarget "cryptobarTests" */;
			buildPhases = (
				DD54175E2B9F09960005F9BA /* Sources */,
				DD54175F2B9F09960005F9BA /* Frameworks */,
				DD5417602B9F09960005F9BA /* Resources */,
			);
			buildRules = (
			);
			dependencies = (
				DD5417642B9F09960005F9BA /* PBXTargetDependency */,
			);
			name = cryptobarTests;
			productName = cryptobarTests;
			productReference = DD5417622B9F09960005F9BA /* cryptobarTests.xctest */;
			productType = "com.apple.product-type.bundle.unit-test";
		};
		DD54176B2B9F09960005F9BA /* cryptobarUITests */ = {
			isa = PBXNativeTarget;
			buildConfigurationList = DD54177C2B9F09960005F9BA /* Build configuration list for PBXNativeTarget "cryptobarUITests" */;
			buildPhases = (
				DD5417682B9F09960005F9BA /* Sources */,
				DD5417692B9F09960005F9BA /* Frameworks */,
				DD54176A2B9F09960005F9BA /* Resources */,
			);
			buildRules = (
			);
			dependencies = (
				DD54176E2B9F09960005F9BA /* PBXTargetDependency */,
			);
			name = cryptobarUITests;
			productName = cryptobarUITests;
			productReference = DD54176C2B9F09960005F9BA /* cryptobarUITests.xctest */;
			productType = "com.apple.product-type.bundle.ui-testing";
		};
/* End PBXNativeTarget section */

/* Begin PBXProject section */
		DD5417492B9F09930005F9BA /* Project object */ = {
			isa = PBXProject;
			attributes = {
				BuildIndependentTargetsInParallel = 1;
				LastSwiftUpdateCheck = 1530;
				LastUpgradeCheck = 1530;
				TargetAttributes = {
					DD5417502B9F09930005F9BA = {
						CreatedOnToolsVersion = 15.3;
					};
					DD5417612B9F09960005F9BA = {
						CreatedOnToolsVersion = 15.3;
						TestTargetID = DD5417502B9F09930005F9BA;
					};
					DD54176B2B9F09960005F9BA = {
						CreatedOnToolsVersion = 15.3;
						TestTargetID = DD5417502B9F09930005F9BA;
					};
				};
			};
			buildConfigurationList = DD54174C2B9F09930005F9BA /* Build configuration list for PBXProject "cryptobar" */;
			compatibilityVersion = "Xcode 14.0";
			developmentRegion = en;
			hasScannedForEncodings = 0;
			knownRegions = (
				en,
				Base,
			);
			mainGroup = DD5417482B9F09930005F9BA;
			productRefGroup = DD5417522B9F09930005F9BA /* Products */;
			projectDirPath = "";
			projectRoot = "";
			targets = (
				DD5417502B9F09930005F9BA /* cryptobar */,
				DD5417612B9F09960005F9BA /* cryptobarTests */,
				DD54176B2B9F09960005F9BA /* cryptobarUITests */,
			);
		};
/* End PBXProject section */

/* Begin PBXResourcesBuildPhase section */
		DD54174F2B9F09930005F9BA /* Resources */ = {
			isa = PBXResourcesBuildPhase;
			buildActionMask = 2147483647;
			files = (
				DD54175C2B9F09950005F9BA /* Preview Assets.xcassets in Resources */,
				DD5417592B9F09950005F9BA /* Assets.xcassets in Resources */,
			);
			runOnlyForDeploymentPostprocessing = 0;
		};
		DD5417602B9F09960005F9BA /* Resources */ = {
			isa = PBXResourcesBuildPhase;
			buildActionMask = 2147483647;
			files = (
			);
			runOnlyForDeploymentPostprocessing = 0;
		};
		DD54176A2B9F09960005F9BA /* Resources */ = {
			isa = PBXResourcesBuildPhase;
			buildActionMask = 2147483647;
			files = (
			);
			runOnlyForDeploymentPostprocessing = 0;
		};
/* End PBXResourcesBuildPhase section */

/* Begin PBXSourcesBuildPhase section */
		DD54174D2B9F09930005F9BA /* Sources */ = {
			isa = PBXSourcesBuildPhase;
			buildActionMask = 2147483647;
			files = (
				645453E12BA3FB41005541BB /* BinanceWebSocket.swift in Sources */,
				DD5417802B9F25D00005F9BA /* AppDelegate.swift in Sources */,
				DD5417572B9F09930005F9BA /* ContentView.swift in Sources */,
				DD5417552B9F09930005F9BA /* cryptobarApp.swift in Sources */,
			);
			runOnlyForDeploymentPostprocessing = 0;
		};
		DD54175E2B9F09960005F9BA /* Sources */ = {
			isa = PBXSourcesBuildPhase;
			buildActionMask = 2147483647;
			files = (
				DD5417672B9F09960005F9BA /* cryptobarTests.swift in Sources */,
			);
			runOnlyForDeploymentPostprocessing = 0;
		};
		DD5417682B9F09960005F9BA /* Sources */ = {
			isa = PBXSourcesBuildPhase;
			buildActionMask = 2147483647;
			files = (
				DD5417712B9F09960005F9BA /* cryptobarUITests.swift in Sources */,
				DD5417732B9F09960005F9BA /* cryptobarUITestsLaunchTests.swift in Sources */,
			);
			runOnlyForDeploymentPostprocessing = 0;
		};
/* End PBXSourcesBuildPhase section */

/* Begin PBXTargetDependency section */
		DD5417642B9F09960005F9BA /* PBXTargetDependency */ = {
			isa = PBXTargetDependency;
			target = DD5417502B9F09930005F9BA /* cryptobar */;
			targetProxy = DD5417632B9F09960005F9BA /* PBXContainerItemProxy */;
		};
		DD54176E2B9F09960005F9BA /* PBXTargetDependency */ = {
			isa = PBXTargetDependency;
			target = DD5417502B9F09930005F9BA /* cryptobar */;
			targetProxy = DD54176D2B9F09960005F9BA /* PBXContainerItemProxy */;
		};
/* End PBXTargetDependency section */

/* Begin XCBuildConfiguration section */
		DD5417742B9F09960005F9BA /* Debug */ = {
			isa = XCBuildConfiguration;
			buildSettings = {
				ALWAYS_SEARCH_USER_PATHS = NO;
				ASSETCATALOG_COMPILER_GENERATE_SWIFT_ASSET_SYMBOL_EXTENSIONS = YES;
				CLANG_ANALYZER_NONNULL = YES;
				CLANG_ANALYZER_NUMBER_OBJECT_CONVERSION = YES_AGGRESSIVE;
				CLANG_CXX_LANGUAGE_STANDARD = "gnu++20";
				CLANG_ENABLE_MODULES = YES;
				CLANG_ENABLE_OBJC_ARC = YES;
				CLANG_ENABLE_OBJC_WEAK = YES;
				CLANG_WARN_BLOCK_CAPTURE_AUTORELEASING = YES;
				CLANG_WARN_BOOL_CONVERSION = YES;
				CLANG_WARN_COMMA = YES;
				CLANG_WARN_CONSTANT_CONVERSION = YES;
				CLANG_WARN_DEPRECATED_OBJC_IMPLEMENTATIONS = YES;
				CLANG_WARN_DIRECT_OBJC_ISA_USAGE = YES_ERROR;
				CLANG_WARN_DOCUMENTATION_COMMENTS = YES;
				CLANG_WARN_EMPTY_BODY = YES;
				CLANG_WARN_ENUM_CONVERSION = YES;
				CLANG_WARN_INFINITE_RECURSION = YES;
				CLANG_WARN_INT_CONVERSION = YES;
				CLANG_WARN_NON_LITERAL_NULL_CONVERSION = YES;
				CLANG_WARN_OBJC_IMPLICIT_RETAIN_SELF = YES;
				CLANG_WARN_OBJC_LITERAL_CONVERSION = YES;
				CLANG_WARN_OBJC_ROOT_CLASS = YES_ERROR;
				CLANG_WARN_QUOTED_INCLUDE_IN_FRAMEWORK_HEADER = YES;
				CLANG_WARN_RANGE_LOOP_ANALYSIS = YES;
				CLANG_WARN_STRICT_PROTOTYPES = YES;
				CLANG_WARN_SUSPICIOUS_MOVE = YES;
				CLANG_WARN_UNGUARDED_AVAILABILITY = YES_AGGRESSIVE;
				CLANG_WARN_UNREACHABLE_CODE = YES;
				CLANG_WARN__DUPLICATE_METHOD_MATCH = YES;
				COPY_PHASE_STRIP = NO;
				DEBUG_INFORMATION_FORMAT = dwarf;
				ENABLE_STRICT_OBJC_MSGSEND = YES;
				ENABLE_TESTABILITY = YES;
				ENABLE_USER_SCRIPT_SANDBOXING = YES;
				GCC_C_LANGUAGE_STANDARD = gnu17;
				GCC_DYNAMIC_NO_PIC = NO;
				GCC_NO_COMMON_BLOCKS = YES;
				GCC_OPTIMIZATION_LEVEL = 0;
				GCC_PREPROCESSOR_DEFINITIONS = (
					"DEBUG=1",
					"$(inherited)",
				);
				GCC_WARN_64_TO_32_BIT_CONVERSION = YES;
				GCC_WARN_ABOUT_RETURN_TYPE = YES_ERROR;
				GCC_WARN_UNDECLARED_SELECTOR = YES;
				GCC_WARN_UNINITIALIZED_AUTOS = YES_AGGRESSIVE;
				GCC_WARN_UNUSED_FUNCTION = YES;
				GCC_WARN_UNUSED_VARIABLE = YES;
				LOCALIZATION_PREFERS_STRING_CATALOGS = YES;
				MACOSX_DEPLOYMENT_TARGET = 12.0;
				MTL_ENABLE_DEBUG_INFO = INCLUDE_SOURCE;
				MTL_FAST_MATH = YES;
				ONLY_ACTIVE_ARCH = YES;
				SDKROOT = macosx;
				SWIFT_ACTIVE_COMPILATION_CONDITIONS = "DEBUG $(inherited)";
				SWIFT_OPTIMIZATION_LEVEL = "-Onone";
			};
			name = Debug;
		};
		DD5417752B9F09960005F9BA /* Release */ = {
			isa = XCBuildConfiguration;
			buildSettings = {
				ALWAYS_SEARCH_USER_PATHS = NO;
				ASSETCATALOG_COMPILER_GENERATE_SWIFT_ASSET_SYMBOL_EXTENSIONS = YES;
				CLANG_ANALYZER_NONNULL = YES;
				CLANG_ANALYZER_NUMBER_OBJECT_CONVERSION = YES_AGGRESSIVE;
				CLANG_CXX_LANGUAGE_STANDARD = "gnu++20";
				CLANG_ENABLE_MODULES = YES;
				CLANG_ENABLE_OBJC_ARC = YES;
				CLANG_ENABLE_OBJC_WEAK = YES;
				CLANG_WARN_BLOCK_CAPTURE_AUTORELEASING = YES;
				CLANG_WARN_BOOL_CONVERSION = YES;
				CLANG_WARN_COMMA = YES;
				CLANG_WARN_CONSTANT_CONVERSION = YES;
				CLANG_WARN_DEPRECATED_OBJC_IMPLEMENTATIONS = YES;
				CLANG_WARN_DIRECT_OBJC_ISA_USAGE = YES_ERROR;
				CLANG_WARN_DOCUMENTATION_COMMENTS = YES;
				CLANG_WARN_EMPTY_BODY = YES;
				CLANG_WARN_ENUM_CONVERSION = YES;
				CLANG_WARN_INFINITE_RECURSION = YES;
				CLANG_WARN_INT_CONVERSION = YES;
				CLANG_WARN_NON_LITERAL_NULL_CONVERSION = YES;
				CLANG_WARN_OBJC_IMPLICIT_RETAIN_SELF = YES;
				CLANG_WARN_OBJC_LITERAL_CONVERSION = YES;
				CLANG_WARN_OBJC_ROOT_CLASS = YES_ERROR;
				CLANG_WARN_QUOTED_INCLUDE_IN_FRAMEWORK_HEADER = YES;
				CLANG_WARN_RANGE_LOOP_ANALYSIS = YES;
				CLANG_WARN_STRICT_PROTOTYPES = YES;
				CLANG_WARN_SUSPICIOUS_MOVE = YES;
				CLANG_WARN_UNGUARDED_AVAILABILITY = YES_AGGRESSIVE;
				CLANG_WARN_UNREACHABLE_CODE = YES;
				CLANG_WARN__DUPLICATE_METHOD_MATCH = YES;
				COPY_PHASE_STRIP = NO;
				DEBUG_INFORMATION_FORMAT = "dwarf-with-dsym";
				ENABLE_NS_ASSERTIONS = NO;
				ENABLE_STRICT_OBJC_MSGSEND = YES;
				ENABLE_USER_SCRIPT_SANDBOXING = YES;
				GCC_C_LANGUAGE_STANDARD = gnu17;
				GCC_NO_COMMON_BLOCKS = YES;
				GCC_WARN_64_TO_32_BIT_CONVERSION = YES;
				GCC_WARN_ABOUT_RETURN_TYPE = YES_ERROR;
				GCC_WARN_UNDECLARED_SELECTOR = YES;
				GCC_WARN_UNINITIALIZED_AUTOS = YES_AGGRESSIVE;
				GCC_WARN_UNUSED_FUNCTION = YES;
				GCC_WARN_UNUSED_VARIABLE = YES;
				LOCALIZATION_PREFERS_STRING_CATALOGS = YES;
				MACOSX_DEPLOYMENT_TARGET = 12.0;
				MTL_ENABLE_DEBUG_INFO = NO;
				MTL_FAST_MATH = YES;
				SDKROOT = macosx;
				SWIFT_COMPILATION_MODE = wholemodule;
			};
			name = Release;
		};
		DD5417772B9F09960005F9BA /* Debug */ = {
			isa = XCBuildConfiguration;
			buildSettings = {
				ASSETCATALOG_COMPILER_APPICON_NAME = AppIcon;
				ASSETCATALOG_COMPILER_GLOBAL_ACCENT_COLOR_NAME = AccentColor;
				ASSETCATALOG_COMPILER_INCLUDE_ALL_APPICON_ASSETS = YES;
				CODE_SIGN_ENTITLEMENTS = cryptobar/cryptobar.entitlements;
				CODE_SIGN_STYLE = Automatic;
				COMBINE_HIDPI_IMAGES = YES;
				CURRENT_PROJECT_VERSION = 2;
				DEVELOPMENT_ASSET_PATHS = "\"cryptobar/Preview Content\"";
				DEVELOPMENT_TEAM = 587VNZC52M;
				ENABLE_APP_SANDBOX = YES;
				ENABLE_HARDENED_RUNTIME = YES;
				ENABLE_PREVIEWS = YES;
				GENERATE_INFOPLIST_FILE = YES;
				INFOPLIST_KEY_CFBundleDisplayName = CryptoBar;
				INFOPLIST_KEY_LSApplicationCategoryType = "public.app-category.finance";
				INFOPLIST_KEY_NSHumanReadableCopyright = "";
				LD_RUNPATH_SEARCH_PATHS = (
					"$(inherited)",
					"@executable_path/../Frameworks",
				);
				MARKETING_VERSION = 0.0.2;
				PRODUCT_BUNDLE_IDENTIFIER = com.tuhuynh.cryptobar;
				PRODUCT_NAME = CryptoBar;
				SWIFT_EMIT_LOC_STRINGS = YES;
				SWIFT_VERSION = 5.0;
			};
			name = Debug;
		};
		DD5417782B9F09960005F9BA /* Release */ = {
			isa = XCBuildConfiguration;
			buildSettings = {
				ASSETCATALOG_COMPILER_APPICON_NAME = AppIcon;
				ASSETCATALOG_COMPILER_GLOBAL_ACCENT_COLOR_NAME = AccentColor;
				ASSETCATALOG_COMPILER_INCLUDE_ALL_APPICON_ASSETS = YES;
				CODE_SIGN_ENTITLEMENTS = cryptobar/cryptobar.entitlements;
				CODE_SIGN_STYLE = Automatic;
				COMBINE_HIDPI_IMAGES = YES;
				CURRENT_PROJECT_VERSION = 2;
				DEVELOPMENT_ASSET_PATHS = "\"cryptobar/Preview Content\"";
				DEVELOPMENT_TEAM = 587VNZC52M;
				ENABLE_APP_SANDBOX = YES;
				ENABLE_HARDENED_RUNTIME = YES;
				ENABLE_PREVIEWS = YES;
				GENERATE_INFOPLIST_FILE = YES;
				INFOPLIST_KEY_CFBundleDisplayName = CryptoBar;
				INFOPLIST_KEY_LSApplicationCategoryType = "public.app-category.finance";
				INFOPLIST_KEY_NSHumanReadableCopyright = "";
				LD_RUNPATH_SEARCH_PATHS = (
					"$(inherited)",
					"@executable_path/../Frameworks",
				);
				MARKETING_VERSION = 0.0.2;
				PRODUCT_BUNDLE_IDENTIFIER = com.tuhuynh.cryptobar;
				PRODUCT_NAME = CryptoBar;
				SWIFT_EMIT_LOC_STRINGS = YES;
				SWIFT_VERSION = 5.0;
			};
			name = Release;
		};
		DD54177A2B9F09960005F9BA /* Debug */ = {
			isa = XCBuildConfiguration;
			buildSettings = {
				ALWAYS_EMBED_SWIFT_STANDARD_LIBRARIES = YES;
				BUNDLE_LOADER = "$(TEST_HOST)";
				CODE_SIGN_STYLE = Automatic;
				CURRENT_PROJECT_VERSION = 1;
				GENERATE_INFOPLIST_FILE = YES;
				MACOSX_DEPLOYMENT_TARGET = 14.3;
				MARKETING_VERSION = 1.0;
				PRODUCT_BUNDLE_IDENTIFIER = com.tuhuynh.cryptobarTests;
				PRODUCT_NAME = "$(TARGET_NAME)";
				SWIFT_EMIT_LOC_STRINGS = NO;
				SWIFT_VERSION = 5.0;
				TEST_HOST = "$(BUILT_PRODUCTS_DIR)/cryptobar.app/$(BUNDLE_EXECUTABLE_FOLDER_PATH)/cryptobar";
			};
			name = Debug;
		};
		DD54177B2B9F09960005F9BA /* Release */ = {
			isa = XCBuildConfiguration;
			buildSettings = {
				ALWAYS_EMBED_SWIFT_STANDARD_LIBRARIES = YES;
				BUNDLE_LOADER = "$(TEST_HOST)";
				CODE_SIGN_STYLE = Automatic;
				CURRENT_PROJECT_VERSION = 1;
				GENERATE_INFOPLIST_FILE = YES;
				MACOSX_DEPLOYMENT_TARGET = 14.3;
				MARKETING_VERSION = 1.0;
				PRODUCT_BUNDLE_IDENTIFIER = com.tuhuynh.cryptobarTests;
				PRODUCT_NAME = "$(TARGET_NAME)";
				SWIFT_EMIT_LOC_STRINGS = NO;
				SWIFT_VERSION = 5.0;
				TEST_HOST = "$(BUILT_PRODUCTS_DIR)/cryptobar.app/$(BUNDLE_EXECUTABLE_FOLDER_PATH)/cryptobar";
			};
			name = Release;
		};
		DD54177D2B9F09960005F9BA /* Debug */ = {
			isa = XCBuildConfiguration;
			buildSettings = {
				ALWAYS_EMBED_SWIFT_STANDARD_LIBRARIES = YES;
				CODE_SIGN_STYLE = Automatic;
				CURRENT_PROJECT_VERSION = 1;
				GENERATE_INFOPLIST_FILE = YES;
				MARKETING_VERSION = 1.0;
				PRODUCT_BUNDLE_IDENTIFIER = com.tuhuynh.cryptobarUITests;
				PRODUCT_NAME = "$(TARGET_NAME)";
				SWIFT_EMIT_LOC_STRINGS = NO;
				SWIFT_VERSION = 5.0;
				TEST_TARGET_NAME = cryptobar;
			};
			name = Debug;
		};
		DD54177E2B9F09960005F9BA /* Release */ = {
			isa = XCBuildConfiguration;
			buildSettings = {
				ALWAYS_EMBED_SWIFT_STANDARD_LIBRARIES = YES;
				CODE_SIGN_STYLE = Automatic;
				CURRENT_PROJECT_VERSION = 1;
				GENERATE_INFOPLIST_FILE = YES;
				MARKETING_VERSION = 1.0;
				PRODUCT_BUNDLE_IDENTIFIER = com.tuhuynh.cryptobarUITests;
				PRODUCT_NAME = "$(TARGET_NAME)";
				SWIFT_EMIT_LOC_STRINGS = NO;
				SWIFT_VERSION = 5.0;
				TEST_TARGET_NAME = cryptobar;
			};
			name = Release;
		};
/* End XCBuildConfiguration section */

/* Begin XCConfigurationList section */
		DD54174C2B9F09930005F9BA /* Build configuration list for PBXProject "cryptobar" */ = {
			isa = XCConfigurationList;
			buildConfigurations = (
				DD5417742B9F09960005F9BA /* Debug */,
				DD5417752B9F09960005F9BA /* Release */,
			);
			defaultConfigurationIsVisible = 0;
			defaultConfigurationName = Release;
		};
		DD5417762B9F09960005F9BA /* Build configuration list for PBXNativeTarget "cryptobar" */ = {
			isa = XCConfigurationList;
			buildConfigurations = (
				DD5417772B9F09960005F9BA /* Debug */,
				DD5417782B9F09960005F9BA /* Release */,
			);
			defaultConfigurationIsVisible = 0;
			defaultConfigurationName = Release;
		};
		DD5417792B9F09960005F9BA /* Build configuration list for PBXNativeTarget "cryptobarTests" */ = {
			isa = XCConfigurationList;
			buildConfigurations = (
				DD54177A2B9F09960005F9BA /* Debug */,
				DD54177B2B9F09960005F9BA /* Release */,
			);
			defaultConfigurationIsVisible = 0;
			defaultConfigurationName = Release;
		};
		DD54177C2B9F09960005F9BA /* Build configuration list for PBXNativeTarget "cryptobarUITests" */ = {
			isa = XCConfigurationList;
			buildConfigurations = (
				DD54177D2B9F09960005F9BA /* Debug */,
				DD54177E2B9F09960005F9BA /* Release */,
			);
			defaultConfigurationIsVisible = 0;
			defaultConfigurationName = Release;
		};
/* End XCConfigurationList section */
	};
	rootObject = DD5417492B9F09930005F9BA /* Project object */;
}
